
Microsoft Visual Studio Solution File, Format Version 12.00
# Visual Studio 15
VisualStudioVersion = 15.0.28307.757
MinimumVisualStudioVersion = 10.0.40219.1
Project("{9A19103F-16F7-4668-BE54-9A1E7A4F7556}") = "IMTestProject.Api", "IMTestProject.Api\IMTestProject.Api.csproj", "{D3F2E57D-05BA-4CAA-B9A4-12AD304F304A}"
EndProject
Project("{9A19103F-16F7-4668-BE54-9A1E7A4F7556}") = "IMTestProject.Business", "IMTestProject.Business\IMTestProject.Business.csproj", "{1CF2BD5C-07B4-430E-9A24-EA5FFCCC24D3}"
EndProject
Project("{9A19103F-16F7-4668-BE54-9A1E7A4F7556}") = "IMTestProject.Common", "IMTestProject.Common\IMTestProject.Common.csproj", "{0E9C269C-1ED0-442E-877F-BBDC1A8E62F8}"
EndProject
Project("{9A19103F-16F7-4668-BE54-9A1E7A4F7556}") = "IMTestProject.DAL", "IMTestProject.DAL\IMTestProject.DAL.csproj", "{EA1F81CD-E417-465D-8F46-9C04E88BA228}"
EndProject
Project("{9A19103F-16F7-4668-BE54-9A1E7A4F7556}") = "IMTestProject.Service", "IMTestProject.Service\IMTestProject.Service.csproj", "{C9682DBE-969A-485A-9D8E-475A5BB6D6B0}"
EndProject
Project("{FAE04EC0-301F-11D3-BF4B-00C04F79EFBC}") = "IMTestProject.Portal", "IMTestProject.Portal\IMTestProject.Portal.csproj", "{1DA02078-6F6E-4E1D-9D63-9E3376AFE3B9}"
EndProject
Global
	GlobalSection(SolutionConfigurationPlatforms) = preSolution
		Debug|Any CPU = Debug|Any CPU
		Release|Any CPU = Release|Any CPU
	EndGlobalSection
	GlobalSection(ProjectConfigurationPlatforms) = postSolution
		{D3F2E57D-05BA-4CAA-B9A4-12AD304F304A}.Debug|Any CPU.ActiveCfg = Debug|Any CPU
		{D3F2E57D-05BA-4CAA-B9A4-12AD304F304A}.Debug|Any CPU.Build.0 = Debug|Any CPU
		{D3F2E57D-05BA-4CAA-B9A4-12AD304F304A}.Release|Any CPU.ActiveCfg = Release|Any CPU
		{D3F2E57D-05BA-4CAA-B9A4-12AD304F304A}.Release|Any CPU.Build.0 = Release|Any CPU
		{1CF2BD5C-07B4-430E-9A24-EA5FFCCC24D3}.Debug|Any CPU.ActiveCfg = Debug|Any CPU
		{1CF2BD5C-07B4-430E-9A24-EA5FFCCC24D3}.Debug|Any CPU.Build.0 = Debug|Any CPU
		{1CF2BD5C-07B4-430E-9A24-EA5FFCCC24D3}.Release|Any CPU.ActiveCfg = Release|Any CPU
		{1CF2BD5C-07B4-430E-9A24-EA5FFCCC24D3}.Release|Any CPU.Build.0 = Release|Any CPU
		{0E9C269C-1ED0-442E-877F-BBDC1A8E62F8}.Debug|Any CPU.ActiveCfg = Debug|Any CPU
		{0E9C269C-1ED0-442E-877F-BBDC1A8E62F8}.Debug|Any CPU.Build.0 = Debug|Any CPU
		{0E9C269C-1ED0-442E-877F-BBDC1A8E62F8}.Release|Any CPU.ActiveCfg = Release|Any CPU
		{0E9C269C-1ED0-442E-877F-BBDC1A8E62F8}.Release|Any CPU.Build.0 = Release|Any CPU
		{EA1F81CD-E417-465D-8F46-9C04E88BA228}.Debug|Any CPU.ActiveCfg = Debug|Any CPU
		{EA1F81CD-E417-465D-8F46-9C04E88BA228}.Debug|Any CPU.Build.0 = Debug|Any CPU
		{EA1F81CD-E417-465D-8F46-9C04E88BA228}.Release|Any CPU.ActiveCfg = Release|Any CPU
		{EA1F81CD-E417-465D-8F46-9C04E88BA228}.Release|Any CPU.Build.0 = Release|Any CPU
		{C9682DBE-969A-485A-9D8E-475A5BB6D6B0}.Debug|Any CPU.ActiveCfg = Debug|Any CPU
		{C9682DBE-969A-485A-9D8E-475A5BB6D6B0}.Debug|Any CPU.Build.0 = Debug|Any CPU
		{C9682DBE-969A-485A-9D8E-475A5BB6D6B0}.Release|Any CPU.ActiveCfg = Release|Any CPU
		{C9682DBE-969A-485A-9D8E-475A5BB6D6B0}.Release|Any CPU.Build.0 = Release|Any CPU
		{1DA02078-6F6E-4E1D-9D63-9E3376AFE3B9}.Debug|Any CPU.ActiveCfg = Debug|Any CPU
		{1DA02078-6F6E-4E1D-9D63-9E3376AFE3B9}.Debug|Any CPU.Build.0 = Debug|Any CPU
		{1DA02078-6F6E-4E1D-9D63-9E3376AFE3B9}.Release|Any CPU.ActiveCfg = Release|Any CPU
		{1DA02078-6F6E-4E1D-9D63-9E3376AFE3B9}.Release|Any CPU.Build.0 = Release|Any CPU
	EndGlobalSection
	GlobalSection(SolutionProperties) = preSolution
		HideSolutionNode = FALSE
	EndGlobalSection
	GlobalSection(ExtensibilityGlobals) = postSolution
		SolutionGuid = {A7D7EC24-38DD-4B52-8DC6-AF457F0C805D}
	EndGlobalSection
EndGlobal
