
Microsoft Visual Studio Solution File, Format Version 12.00
# Visual Studio 15
VisualStudioVersion = 15.0.27703.2042
MinimumVisualStudioVersion = 10.0.40219.1
Project("{9A19103F-16F7-4668-BE54-9A1E7A4F7556}") = "Sports.API", "Sports\Sports.API.csproj", "{F241F4E5-BFC1-4F97-A939-F6B0114BCAEA}"
EndProject
Project("{FAE04EC0-301F-11D3-BF4B-00C04F79EFBC}") = "SportsWeb", "SportsWeb\SportsWeb.csproj", "{CB44AA75-7C55-4361-B4C5-5C2FD499F423}"
	ProjectSection(ProjectDependencies) = postProject
		{F241F4E5-BFC1-4F97-A939-F6B0114BCAEA} = {F241F4E5-BFC1-4F97-A939-F6B0114BCAEA}
	EndProjectSection
EndProject
Global
	GlobalSection(SolutionConfigurationPlatforms) = preSolution
		Debug|Any CPU = Debug|Any CPU
		Release|Any CPU = Release|Any CPU
	EndGlobalSection
	GlobalSection(ProjectConfigurationPlatforms) = postSolution
		{F241F4E5-BFC1-4F97-A939-F6B0114BCAEA}.Debug|Any CPU.ActiveCfg = Debug|Any CPU
		{F241F4E5-BFC1-4F97-A939-F6B0114BCAEA}.Debug|Any CPU.Build.0 = Debug|Any CPU
		{F241F4E5-BFC1-4F97-A939-F6B0114BCAEA}.Release|Any CPU.ActiveCfg = Release|Any CPU
		{F241F4E5-BFC1-4F97-A939-F6B0114BCAEA}.Release|Any CPU.Build.0 = Release|Any CPU
		{CB44AA75-7C55-4361-B4C5-5C2FD499F423}.Debug|Any CPU.ActiveCfg = Debug|Any CPU
		{CB44AA75-7C55-4361-B4C5-5C2FD499F423}.Debug|Any CPU.Build.0 = Debug|Any CPU
		{CB44AA75-7C55-4361-B4C5-5C2FD499F423}.Release|Any CPU.ActiveCfg = Release|Any CPU
		{CB44AA75-7C55-4361-B4C5-5C2FD499F423}.Release|Any CPU.Build.0 = Release|Any CPU
	EndGlobalSection
	GlobalSection(SolutionProperties) = preSolution
		HideSolutionNode = FALSE
	EndGlobalSection
	GlobalSection(ExtensibilityGlobals) = postSolution
		SolutionGuid = {9258DB0A-6EAB-424C-9C6F-C0053ED51D82}
	EndGlobalSection
EndGlobal
